// !$*UTF8*$!
{
	archiveVersion = 1;
	classes = {
	};
	objectVersion = 46;
	objects = {

/* Begin PBXBuildFile section */
		3028D8801D1DC30E00A6AC1B /* main.m in Sources */ = {isa = PBXBuildFile; fileRef = 3028D87F1D1DC30E00A6AC1B /* main.m */; };
		3028D8831D1DC30E00A6AC1B /* AppDelegate.m in Sources */ = {isa = PBXBuildFile; fileRef = 3028D8821D1DC30E00A6AC1B /* AppDelegate.m */; };
		3028D8861D1DC30E00A6AC1B /* AVTRootVC.m in Sources */ = {isa = PBXBuildFile; fileRef = 3028D8851D1DC30E00A6AC1B /* AVTRootVC.m */; };
		3028D88B1D1DC30E00A6AC1B /* Assets.xcassets in Resources */ = {isa = PBXBuildFile; fileRef = 3028D88A1D1DC30E00A6AC1B /* Assets.xcassets */; };
		3028D88E1D1DC30E00A6AC1B /* LaunchScreen.storyboard in Resources */ = {isa = PBXBuildFile; fileRef = 3028D88C1D1DC30E00A6AC1B /* LaunchScreen.storyboard */; };
		3028D8991D1DC30E00A6AC1B /* AvitoTests.m in Sources */ = {isa = PBXBuildFile; fileRef = 3028D8981D1DC30E00A6AC1B /* AvitoTests.m */; };
		3028D8AA1D1DC5D600A6AC1B /* AVTBaseVC.m in Sources */ = {isa = PBXBuildFile; fileRef = 3028D8A91D1DC5D600A6AC1B /* AVTBaseVC.m */; };
		3028D8AD1D1DC73B00A6AC1B /* AVTBaseVM.m in Sources */ = {isa = PBXBuildFile; fileRef = 3028D8AC1D1DC73B00A6AC1B /* AVTBaseVM.m */; };
		3028D8B01D1DC76200A6AC1B /* AVTRootVM.m in Sources */ = {isa = PBXBuildFile; fileRef = 3028D8AF1D1DC76200A6AC1B /* AVTRootVM.m */; };
		3028D8B41D1DC8BB00A6AC1B /* AVTAPIController.m in Sources */ = {isa = PBXBuildFile; fileRef = 3028D8B31D1DC8BB00A6AC1B /* AVTAPIController.m */; };
		3028D8B81D1DCA0F00A6AC1B /* AVTAPIController+Entities.m in Sources */ = {isa = PBXBuildFile; fileRef = 3028D8B71D1DCA0F00A6AC1B /* AVTAPIController+Entities.m */; };
		3028D8BE1D1DCC7100A6AC1B /* AVTAppleItem.m in Sources */ = {isa = PBXBuildFile; fileRef = 3028D8BD1D1DCC7100A6AC1B /* AVTAppleItem.m */; };
		3028D8C11D1DCCD000A6AC1B /* AVTGitHubItem.m in Sources */ = {isa = PBXBuildFile; fileRef = 3028D8C01D1DCCD000A6AC1B /* AVTGitHubItem.m */; };
		3028D8C61D1DCFE400A6AC1B /* AVTTableViewHeaderFooterView.m in Sources */ = {isa = PBXBuildFile; fileRef = 3028D8C51D1DCFE400A6AC1B /* AVTTableViewHeaderFooterView.m */; };
		3028D8C91D1DD08F00A6AC1B /* AVTSearchHeaderView.m in Sources */ = {isa = PBXBuildFile; fileRef = 3028D8C81D1DD08F00A6AC1B /* AVTSearchHeaderView.m */; };
		3028D8CC1D1DD0C200A6AC1B /* AVTSearchVM.m in Sources */ = {isa = PBXBuildFile; fileRef = 3028D8CB1D1DD0C200A6AC1B /* AVTSearchVM.m */; };
		3028D8CF1D1DD12100A6AC1B /* AVTTableViewCell.m in Sources */ = {isa = PBXBuildFile; fileRef = 3028D8CE1D1DD12100A6AC1B /* AVTTableViewCell.m */; };
		3028D8D21D1DD1D200A6AC1B /* AVTResultCell.m in Sources */ = {isa = PBXBuildFile; fileRef = 3028D8D11D1DD1D200A6AC1B /* AVTResultCell.m */; };
		3028D8D51D1DD1F700A6AC1B /* AVTResultCellVM.m in Sources */ = {isa = PBXBuildFile; fileRef = 3028D8D41D1DD1F700A6AC1B /* AVTResultCellVM.m */; };
		3028D8DB1D1DD46D00A6AC1B /* AVTResultsVM.m in Sources */ = {isa = PBXBuildFile; fileRef = 3028D8DA1D1DD46D00A6AC1B /* AVTResultsVM.m */; };
		3028D8DE1D1DD61C00A6AC1B /* AVTSelectVM.m in Sources */ = {isa = PBXBuildFile; fileRef = 3028D8DD1D1DD61C00A6AC1B /* AVTSelectVM.m */; };
		3028D8E21D1DD98000A6AC1B /* AVTSelectView.m in Sources */ = {isa = PBXBuildFile; fileRef = 3028D8E11D1DD98000A6AC1B /* AVTSelectView.m */; };
		3028D8E61D1DDDCE00A6AC1B /* UIViewController+DGSAdditions.m in Sources */ = {isa = PBXBuildFile; fileRef = 3028D8E51D1DDDCE00A6AC1B /* UIViewController+DGSAdditions.m */; };
		3028D8E91D1DDE4300A6AC1B /* AVTHomeVC.m in Sources */ = {isa = PBXBuildFile; fileRef = 3028D8E81D1DDE4300A6AC1B /* AVTHomeVC.m */; };
		3028D8EC1D1DDE5500A6AC1B /* AVTHomeVM.m in Sources */ = {isa = PBXBuildFile; fileRef = 3028D8EB1D1DDE5500A6AC1B /* AVTHomeVM.m */; };
		3028D8EF1D1DE41E00A6AC1B /* AVTTextField.m in Sources */ = {isa = PBXBuildFile; fileRef = 3028D8EE1D1DE41E00A6AC1B /* AVTTextField.m */; };
		3028D8F21D1DE46600A6AC1B /* UIColor+DGSCustomColor.m in Sources */ = {isa = PBXBuildFile; fileRef = 3028D8F11D1DE46600A6AC1B /* UIColor+DGSCustomColor.m */; };
		895B7CA96A097F415632A78B /* libPods-Avito.a in Frameworks */ = {isa = PBXBuildFile; fileRef = 8B0D7FB2D4B04C1A01BEE089 /* libPods-Avito.a */; };
		EB8E607CAD4EB637C02E0EDB /* libPods-AvitoTests.a in Frameworks */ = {isa = PBXBuildFile; fileRef = 49A2B22E8BF0F044E728F027 /* libPods-AvitoTests.a */; };
/* End PBXBuildFile section */

/* Begin PBXContainerItemProxy section */
		3028D8951D1DC30E00A6AC1B /* PBXContainerItemProxy */ = {
			isa = PBXContainerItemProxy;
			containerPortal = 3028D8731D1DC30E00A6AC1B /* Project object */;
			proxyType = 1;
			remoteGlobalIDString = 3028D87A1D1DC30E00A6AC1B;
			remoteInfo = Avito;
		};
/* End PBXContainerItemProxy section */

/* Begin PBXFileReference section */
		06E8F85CADB436732A12BD09 /* Pods-Avito.debug.xcconfig */ = {isa = PBXFileReference; includeInIndex = 1; lastKnownFileType = text.xcconfig; name = "Pods-Avito.debug.xcconfig"; path = "Pods/Target Support Files/Pods-Avito/Pods-Avito.debug.xcconfig"; sourceTree = "<group>"; };
		143630860D697C4F3CCB38F6 /* Pods-AvitoTests.debug.xcconfig */ = {isa = PBXFileReference; includeInIndex = 1; lastKnownFileType = text.xcconfig; name = "Pods-AvitoTests.debug.xcconfig"; path = "Pods/Target Support Files/Pods-AvitoTests/Pods-AvitoTests.debug.xcconfig"; sourceTree = "<group>"; };
		3028D87B1D1DC30E00A6AC1B /* Avito.app */ = {isa = PBXFileReference; explicitFileType = wrapper.application; includeInIndex = 0; path = Avito.app; sourceTree = BUILT_PRODUCTS_DIR; };
		3028D87F1D1DC30E00A6AC1B /* main.m */ = {isa = PBXFileReference; lastKnownFileType = sourcecode.c.objc; path = main.m; sourceTree = "<group>"; };
		3028D8811D1DC30E00A6AC1B /* AppDelegate.h */ = {isa = PBXFileReference; lastKnownFileType = sourcecode.c.h; path = AppDelegate.h; sourceTree = "<group>"; };
		3028D8821D1DC30E00A6AC1B /* AppDelegate.m */ = {isa = PBXFileReference; lastKnownFileType = sourcecode.c.objc; path = AppDelegate.m; sourceTree = "<group>"; };
		3028D8841D1DC30E00A6AC1B /* AVTRootVC.h */ = {isa = PBXFileReference; lastKnownFileType = sourcecode.c.h; path = AVTRootVC.h; sourceTree = "<group>"; };
		3028D8851D1DC30E00A6AC1B /* AVTRootVC.m */ = {isa = PBXFileReference; lastKnownFileType = sourcecode.c.objc; path = AVTRootVC.m; sourceTree = "<group>"; };
		3028D88A1D1DC30E00A6AC1B /* Assets.xcassets */ = {isa = PBXFileReference; lastKnownFileType = folder.assetcatalog; path = Assets.xcassets; sourceTree = "<group>"; };
		3028D88D1D1DC30E00A6AC1B /* Base */ = {isa = PBXFileReference; lastKnownFileType = file.storyboard; name = Base; path = Base.lproj/LaunchScreen.storyboard; sourceTree = "<group>"; };
		3028D88F1D1DC30E00A6AC1B /* Info.plist */ = {isa = PBXFileReference; lastKnownFileType = text.plist.xml; path = Info.plist; sourceTree = "<group>"; };
		3028D8941D1DC30E00A6AC1B /* AvitoTests.xctest */ = {isa = PBXFileReference; explicitFileType = wrapper.cfbundle; includeInIndex = 0; path = AvitoTests.xctest; sourceTree = BUILT_PRODUCTS_DIR; };
		3028D8981D1DC30E00A6AC1B /* AvitoTests.m */ = {isa = PBXFileReference; lastKnownFileType = sourcecode.c.objc; path = AvitoTests.m; sourceTree = "<group>"; };
		3028D89A1D1DC30E00A6AC1B /* Info.plist */ = {isa = PBXFileReference; lastKnownFileType = text.plist.xml; path = Info.plist; sourceTree = "<group>"; };
		3028D8A31D1DC40800A6AC1B /* Prefix-Header.h */ = {isa = PBXFileReference; fileEncoding = 4; lastKnownFileType = sourcecode.c.h; path = "Prefix-Header.h"; sourceTree = "<group>"; };
		3028D8A81D1DC5D600A6AC1B /* AVTBaseVC.h */ = {isa = PBXFileReference; fileEncoding = 4; lastKnownFileType = sourcecode.c.h; path = AVTBaseVC.h; sourceTree = "<group>"; };
		3028D8A91D1DC5D600A6AC1B /* AVTBaseVC.m */ = {isa = PBXFileReference; fileEncoding = 4; lastKnownFileType = sourcecode.c.objc; path = AVTBaseVC.m; sourceTree = "<group>"; };
		3028D8AB1D1DC73B00A6AC1B /* AVTBaseVM.h */ = {isa = PBXFileReference; fileEncoding = 4; lastKnownFileType = sourcecode.c.h; path = AVTBaseVM.h; sourceTree = "<group>"; };
		3028D8AC1D1DC73B00A6AC1B /* AVTBaseVM.m */ = {isa = PBXFileReference; fileEncoding = 4; lastKnownFileType = sourcecode.c.objc; path = AVTBaseVM.m; sourceTree = "<group>"; };
		3028D8AE1D1DC76200A6AC1B /* AVTRootVM.h */ = {isa = PBXFileReference; fileEncoding = 4; lastKnownFileType = sourcecode.c.h; path = AVTRootVM.h; sourceTree = "<group>"; };
		3028D8AF1D1DC76200A6AC1B /* AVTRootVM.m */ = {isa = PBXFileReference; fileEncoding = 4; lastKnownFileType = sourcecode.c.objc; path = AVTRootVM.m; sourceTree = "<group>"; };
		3028D8B21D1DC8BB00A6AC1B /* AVTAPIController.h */ = {isa = PBXFileReference; fileEncoding = 4; lastKnownFileType = sourcecode.c.h; path = AVTAPIController.h; sourceTree = "<group>"; };
		3028D8B31D1DC8BB00A6AC1B /* AVTAPIController.m */ = {isa = PBXFileReference; fileEncoding = 4; lastKnownFileType = sourcecode.c.objc; path = AVTAPIController.m; sourceTree = "<group>"; };
		3028D8B51D1DC92000A6AC1B /* AVTDataProviderProtocol.h */ = {isa = PBXFileReference; fileEncoding = 4; lastKnownFileType = sourcecode.c.h; path = AVTDataProviderProtocol.h; sourceTree = "<group>"; };
		3028D8B61D1DCA0F00A6AC1B /* AVTAPIController+Entities.h */ = {isa = PBXFileReference; fileEncoding = 4; lastKnownFileType = sourcecode.c.h; path = "AVTAPIController+Entities.h"; sourceTree = "<group>"; };
		3028D8B71D1DCA0F00A6AC1B /* AVTAPIController+Entities.m */ = {isa = PBXFileReference; fileEncoding = 4; lastKnownFileType = sourcecode.c.objc; path = "AVTAPIController+Entities.m"; sourceTree = "<group>"; };
		3028D8BA1D1DCB9000A6AC1B /* AVTSerializableProtocol.h */ = {isa = PBXFileReference; fileEncoding = 4; lastKnownFileType = sourcecode.c.h; path = AVTSerializableProtocol.h; sourceTree = "<group>"; };
		3028D8BC1D1DCC7100A6AC1B /* AVTAppleItem.h */ = {isa = PBXFileReference; fileEncoding = 4; lastKnownFileType = sourcecode.c.h; path = AVTAppleItem.h; sourceTree = "<group>"; };
		3028D8BD1D1DCC7100A6AC1B /* AVTAppleItem.m */ = {isa = PBXFileReference; fileEncoding = 4; lastKnownFileType = sourcecode.c.objc; path = AVTAppleItem.m; sourceTree = "<group>"; };
		3028D8BF1D1DCCD000A6AC1B /* AVTGitHubItem.h */ = {isa = PBXFileReference; fileEncoding = 4; lastKnownFileType = sourcecode.c.h; path = AVTGitHubItem.h; sourceTree = "<group>"; };
		3028D8C01D1DCCD000A6AC1B /* AVTGitHubItem.m */ = {isa = PBXFileReference; fileEncoding = 4; lastKnownFileType = sourcecode.c.objc; path = AVTGitHubItem.m; sourceTree = "<group>"; };
		3028D8C41D1DCFE400A6AC1B /* AVTTableViewHeaderFooterView.h */ = {isa = PBXFileReference; fileEncoding = 4; lastKnownFileType = sourcecode.c.h; path = AVTTableViewHeaderFooterView.h; sourceTree = "<group>"; };
		3028D8C51D1DCFE400A6AC1B /* AVTTableViewHeaderFooterView.m */ = {isa = PBXFileReference; fileEncoding = 4; lastKnownFileType = sourcecode.c.objc; path = AVTTableViewHeaderFooterView.m; sourceTree = "<group>"; };
		3028D8C71D1DD08F00A6AC1B /* AVTSearchHeaderView.h */ = {isa = PBXFileReference; fileEncoding = 4; lastKnownFileType = sourcecode.c.h; path = AVTSearchHeaderView.h; sourceTree = "<group>"; };
		3028D8C81D1DD08F00A6AC1B /* AVTSearchHeaderView.m */ = {isa = PBXFileReference; fileEncoding = 4; lastKnownFileType = sourcecode.c.objc; path = AVTSearchHeaderView.m; sourceTree = "<group>"; };
		3028D8CA1D1DD0C200A6AC1B /* AVTSearchVM.h */ = {isa = PBXFileReference; fileEncoding = 4; lastKnownFileType = sourcecode.c.h; path = AVTSearchVM.h; sourceTree = "<group>"; };
		3028D8CB1D1DD0C200A6AC1B /* AVTSearchVM.m */ = {isa = PBXFileReference; fileEncoding = 4; lastKnownFileType = sourcecode.c.objc; path = AVTSearchVM.m; sourceTree = "<group>"; };
		3028D8CD1D1DD12100A6AC1B /* AVTTableViewCell.h */ = {isa = PBXFileReference; fileEncoding = 4; lastKnownFileType = sourcecode.c.h; path = AVTTableViewCell.h; sourceTree = "<group>"; };
		3028D8CE1D1DD12100A6AC1B /* AVTTableViewCell.m */ = {isa = PBXFileReference; fileEncoding = 4; lastKnownFileType = sourcecode.c.objc; path = AVTTableViewCell.m; sourceTree = "<group>"; };
		3028D8D01D1DD1D200A6AC1B /* AVTResultCell.h */ = {isa = PBXFileReference; fileEncoding = 4; lastKnownFileType = sourcecode.c.h; path = AVTResultCell.h; sourceTree = "<group>"; };
		3028D8D11D1DD1D200A6AC1B /* AVTResultCell.m */ = {isa = PBXFileReference; fileEncoding = 4; lastKnownFileType = sourcecode.c.objc; path = AVTResultCell.m; sourceTree = "<group>"; };
		3028D8D31D1DD1F700A6AC1B /* AVTResultCellVM.h */ = {isa = PBXFileReference; fileEncoding = 4; lastKnownFileType = sourcecode.c.h; path = AVTResultCellVM.h; sourceTree = "<group>"; };
		3028D8D41D1DD1F700A6AC1B /* AVTResultCellVM.m */ = {isa = PBXFileReference; fileEncoding = 4; lastKnownFileType = sourcecode.c.objc; path = AVTResultCellVM.m; sourceTree = "<group>"; };
		3028D8D91D1DD46D00A6AC1B /* AVTResultsVM.h */ = {isa = PBXFileReference; fileEncoding = 4; lastKnownFileType = sourcecode.c.h; path = AVTResultsVM.h; sourceTree = "<group>"; };
		3028D8DA1D1DD46D00A6AC1B /* AVTResultsVM.m */ = {isa = PBXFileReference; fileEncoding = 4; lastKnownFileType = sourcecode.c.objc; path = AVTResultsVM.m; sourceTree = "<group>"; };
		3028D8DC1D1DD61C00A6AC1B /* AVTSelectVM.h */ = {isa = PBXFileReference; fileEncoding = 4; lastKnownFileType = sourcecode.c.h; path = AVTSelectVM.h; sourceTree = "<group>"; };
		3028D8DD1D1DD61C00A6AC1B /* AVTSelectVM.m */ = {isa = PBXFileReference; fileEncoding = 4; lastKnownFileType = sourcecode.c.objc; path = AVTSelectVM.m; sourceTree = "<group>"; };
		3028D8E01D1DD98000A6AC1B /* AVTSelectView.h */ = {isa = PBXFileReference; fileEncoding = 4; lastKnownFileType = sourcecode.c.h; path = AVTSelectView.h; sourceTree = "<group>"; };
		3028D8E11D1DD98000A6AC1B /* AVTSelectView.m */ = {isa = PBXFileReference; fileEncoding = 4; lastKnownFileType = sourcecode.c.objc; path = AVTSelectView.m; sourceTree = "<group>"; };
		3028D8E41D1DDDCE00A6AC1B /* UIViewController+DGSAdditions.h */ = {isa = PBXFileReference; fileEncoding = 4; lastKnownFileType = sourcecode.c.h; path = "UIViewController+DGSAdditions.h"; sourceTree = "<group>"; };
		3028D8E51D1DDDCE00A6AC1B /* UIViewController+DGSAdditions.m */ = {isa = PBXFileReference; fileEncoding = 4; lastKnownFileType = sourcecode.c.objc; path = "UIViewController+DGSAdditions.m"; sourceTree = "<group>"; };
		3028D8E71D1DDE4300A6AC1B /* AVTHomeVC.h */ = {isa = PBXFileReference; fileEncoding = 4; lastKnownFileType = sourcecode.c.h; path = AVTHomeVC.h; sourceTree = "<group>"; };
		3028D8E81D1DDE4300A6AC1B /* AVTHomeVC.m */ = {isa = PBXFileReference; fileEncoding = 4; lastKnownFileType = sourcecode.c.objc; path = AVTHomeVC.m; sourceTree = "<group>"; };
		3028D8EA1D1DDE5500A6AC1B /* AVTHomeVM.h */ = {isa = PBXFileReference; fileEncoding = 4; lastKnownFileType = sourcecode.c.h; path = AVTHomeVM.h; sourceTree = "<group>"; };
		3028D8EB1D1DDE5500A6AC1B /* AVTHomeVM.m */ = {isa = PBXFileReference; fileEncoding = 4; lastKnownFileType = sourcecode.c.objc; path = AVTHomeVM.m; sourceTree = "<group>"; };
		3028D8ED1D1DE41E00A6AC1B /* AVTTextField.h */ = {isa = PBXFileReference; fileEncoding = 4; lastKnownFileType = sourcecode.c.h; path = AVTTextField.h; sourceTree = "<group>"; };
		3028D8EE1D1DE41E00A6AC1B /* AVTTextField.m */ = {isa = PBXFileReference; fileEncoding = 4; lastKnownFileType = sourcecode.c.objc; path = AVTTextField.m; sourceTree = "<group>"; };
		3028D8F01D1DE46600A6AC1B /* UIColor+DGSCustomColor.h */ = {isa = PBXFileReference; fileEncoding = 4; lastKnownFileType = sourcecode.c.h; path = "UIColor+DGSCustomColor.h"; sourceTree = "<group>"; };
		3028D8F11D1DE46600A6AC1B /* UIColor+DGSCustomColor.m */ = {isa = PBXFileReference; fileEncoding = 4; lastKnownFileType = sourcecode.c.objc; path = "UIColor+DGSCustomColor.m"; sourceTree = "<group>"; };
		49A2B22E8BF0F044E728F027 /* libPods-AvitoTests.a */ = {isa = PBXFileReference; explicitFileType = archive.ar; includeInIndex = 0; path = "libPods-AvitoTests.a"; sourceTree = BUILT_PRODUCTS_DIR; };
		8B0D7FB2D4B04C1A01BEE089 /* libPods-Avito.a */ = {isa = PBXFileReference; explicitFileType = archive.ar; includeInIndex = 0; path = "libPods-Avito.a"; sourceTree = BUILT_PRODUCTS_DIR; };
		9C7B2E45B83B1D2A235009C4 /* Pods-AvitoTests.release.xcconfig */ = {isa = PBXFileReference; includeInIndex = 1; lastKnownFileType = text.xcconfig; name = "Pods-AvitoTests.release.xcconfig"; path = "Pods/Target Support Files/Pods-AvitoTests/Pods-AvitoTests.release.xcconfig"; sourceTree = "<group>"; };
		FE6A8BE8A0AF2187D7D98AFE /* Pods-Avito.release.xcconfig */ = {isa = PBXFileReference; includeInIndex = 1; lastKnownFileType = text.xcconfig; name = "Pods-Avito.release.xcconfig"; path = "Pods/Target Support Files/Pods-Avito/Pods-Avito.release.xcconfig"; sourceTree = "<group>"; };
/* End PBXFileReference section */

/* Begin PBXFrameworksBuildPhase section */
		3028D8781D1DC30E00A6AC1B /* Frameworks */ = {
			isa = PBXFrameworksBuildPhase;
			buildActionMask = 2147483647;
			files = (
				895B7CA96A097F415632A78B /* libPods-Avito.a in Frameworks */,
			);
			runOnlyForDeploymentPostprocessing = 0;
		};
		3028D8911D1DC30E00A6AC1B /* Frameworks */ = {
			isa = PBXFrameworksBuildPhase;
			buildActionMask = 2147483647;
			files = (
				EB8E607CAD4EB637C02E0EDB /* libPods-AvitoTests.a in Frameworks */,
			);
			runOnlyForDeploymentPostprocessing = 0;
		};
/* End PBXFrameworksBuildPhase section */

/* Begin PBXGroup section */
		2AA42DA1DA10A5C664A3E234 /* Pods */ = {
			isa = PBXGroup;
			children = (
				06E8F85CADB436732A12BD09 /* Pods-Avito.debug.xcconfig */,
				FE6A8BE8A0AF2187D7D98AFE /* Pods-Avito.release.xcconfig */,
				143630860D697C4F3CCB38F6 /* Pods-AvitoTests.debug.xcconfig */,
				9C7B2E45B83B1D2A235009C4 /* Pods-AvitoTests.release.xcconfig */,
			);
			name = Pods;
			sourceTree = "<group>";
		};
		3028D8721D1DC30E00A6AC1B = {
			isa = PBXGroup;
			children = (
				3028D87D1D1DC30E00A6AC1B /* Avito */,
				3028D8971D1DC30E00A6AC1B /* AvitoTests */,
				3028D87C1D1DC30E00A6AC1B /* Products */,
				2AA42DA1DA10A5C664A3E234 /* Pods */,
				8BE8BB1C53CA34A70E0ABCDC /* Frameworks */,
			);
			sourceTree = "<group>";
		};
		3028D87C1D1DC30E00A6AC1B /* Products */ = {
			isa = PBXGroup;
			children = (
				3028D87B1D1DC30E00A6AC1B /* Avito.app */,
				3028D8941D1DC30E00A6AC1B /* AvitoTests.xctest */,
			);
			name = Products;
			sourceTree = "<group>";
		};
		3028D87D1D1DC30E00A6AC1B /* Avito */ = {
			isa = PBXGroup;
			children = (
				3028D8B91D1DCB7500A6AC1B /* Entities */,
				3028D8B11D1DC89300A6AC1B /* Networking */,
				3028D8A71D1DC58A00A6AC1B /* Utils */,
				3028D8A51D1DC56D00A6AC1B /* Views */,
				3028D8811D1DC30E00A6AC1B /* AppDelegate.h */,
				3028D8821D1DC30E00A6AC1B /* AppDelegate.m */,
				3028D87E1D1DC30E00A6AC1B /* Supporting Files */,
			);
			path = Avito;
			sourceTree = "<group>";
		};
		3028D87E1D1DC30E00A6AC1B /* Supporting Files */ = {
			isa = PBXGroup;
			children = (
				3028D88A1D1DC30E00A6AC1B /* Assets.xcassets */,
				3028D88C1D1DC30E00A6AC1B /* LaunchScreen.storyboard */,
				3028D88F1D1DC30E00A6AC1B /* Info.plist */,
				3028D8A31D1DC40800A6AC1B /* Prefix-Header.h */,
				3028D87F1D1DC30E00A6AC1B /* main.m */,
			);
			name = "Supporting Files";
			sourceTree = "<group>";
		};
		3028D8971D1DC30E00A6AC1B /* AvitoTests */ = {
			isa = PBXGroup;
			children = (
				3028D8981D1DC30E00A6AC1B /* AvitoTests.m */,
				3028D89A1D1DC30E00A6AC1B /* Info.plist */,
			);
			path = AvitoTests;
			sourceTree = "<group>";
		};
		3028D8A51D1DC56D00A6AC1B /* Views */ = {
			isa = PBXGroup;
			children = (
				3028D8DF1D1DD66800A6AC1B /* Home */,
				3028D8A61D1DC57700A6AC1B /* Root */,
			);
			name = Views;
			sourceTree = "<group>";
		};
		3028D8A61D1DC57700A6AC1B /* Root */ = {
			isa = PBXGroup;
			children = (
				3028D8E31D1DDCB000A6AC1B /* SelectView */,
				3028D8841D1DC30E00A6AC1B /* AVTRootVC.h */,
				3028D8851D1DC30E00A6AC1B /* AVTRootVC.m */,
				3028D8AE1D1DC76200A6AC1B /* AVTRootVM.h */,
				3028D8AF1D1DC76200A6AC1B /* AVTRootVM.m */,
			);
			name = Root;
			sourceTree = "<group>";
		};
		3028D8A71D1DC58A00A6AC1B /* Utils */ = {
			isa = PBXGroup;
			children = (
				3028D8A81D1DC5D600A6AC1B /* AVTBaseVC.h */,
				3028D8A91D1DC5D600A6AC1B /* AVTBaseVC.m */,
				3028D8AB1D1DC73B00A6AC1B /* AVTBaseVM.h */,
				3028D8AC1D1DC73B00A6AC1B /* AVTBaseVM.m */,
				3028D8C41D1DCFE400A6AC1B /* AVTTableViewHeaderFooterView.h */,
				3028D8C51D1DCFE400A6AC1B /* AVTTableViewHeaderFooterView.m */,
				3028D8CD1D1DD12100A6AC1B /* AVTTableViewCell.h */,
				3028D8CE1D1DD12100A6AC1B /* AVTTableViewCell.m */,
				3028D8F01D1DE46600A6AC1B /* UIColor+DGSCustomColor.h */,
				3028D8F11D1DE46600A6AC1B /* UIColor+DGSCustomColor.m */,
				3028D8E41D1DDDCE00A6AC1B /* UIViewController+DGSAdditions.h */,
				3028D8E51D1DDDCE00A6AC1B /* UIViewController+DGSAdditions.m */,
			);
			name = Utils;
			sourceTree = "<group>";
		};
		3028D8B11D1DC89300A6AC1B /* Networking */ = {
			isa = PBXGroup;
			children = (
				3028D8B21D1DC8BB00A6AC1B /* AVTAPIController.h */,
				3028D8B31D1DC8BB00A6AC1B /* AVTAPIController.m */,
				3028D8B61D1DCA0F00A6AC1B /* AVTAPIController+Entities.h */,
				3028D8B71D1DCA0F00A6AC1B /* AVTAPIController+Entities.m */,
				3028D8B51D1DC92000A6AC1B /* AVTDataProviderProtocol.h */,
			);
			name = Networking;
			sourceTree = "<group>";
		};
		3028D8B91D1DCB7500A6AC1B /* Entities */ = {
			isa = PBXGroup;
			children = (
				3028D8BC1D1DCC7100A6AC1B /* AVTAppleItem.h */,
				3028D8BD1D1DCC7100A6AC1B /* AVTAppleItem.m */,
				3028D8BF1D1DCCD000A6AC1B /* AVTGitHubItem.h */,
				3028D8C01D1DCCD000A6AC1B /* AVTGitHubItem.m */,
				3028D8BA1D1DCB9000A6AC1B /* AVTSerializableProtocol.h */,
			);
			name = Entities;
			sourceTree = "<group>";
		};
		3028D8C21D1DCD5200A6AC1B /* SearchHeader */ = {
			isa = PBXGroup;
			children = (
				3028D8C71D1DD08F00A6AC1B /* AVTSearchHeaderView.h */,
				3028D8C81D1DD08F00A6AC1B /* AVTSearchHeaderView.m */,
			);
			name = SearchHeader;
			sourceTree = "<group>";
		};
		3028D8C31D1DCD6200A6AC1B /* ResultCell */ = {
			isa = PBXGroup;
			children = (
				3028D8D01D1DD1D200A6AC1B /* AVTResultCell.h */,
				3028D8D11D1DD1D200A6AC1B /* AVTResultCell.m */,
				3028D8D31D1DD1F700A6AC1B /* AVTResultCellVM.h */,
				3028D8D41D1DD1F700A6AC1B /* AVTResultCellVM.m */,
			);
			name = ResultCell;
			sourceTree = "<group>";
		};
		3028D8DF1D1DD66800A6AC1B /* Home */ = {
			isa = PBXGroup;
			children = (
				3028D8F91D1FB28D00A6AC1B /* SearchView */,
				3028D8C21D1DCD5200A6AC1B /* SearchHeader */,
				3028D8C31D1DCD6200A6AC1B /* ResultCell */,
				3028D8E71D1DDE4300A6AC1B /* AVTHomeVC.h */,
				3028D8E81D1DDE4300A6AC1B /* AVTHomeVC.m */,
				3028D8EA1D1DDE5500A6AC1B /* AVTHomeVM.h */,
				3028D8EB1D1DDE5500A6AC1B /* AVTHomeVM.m */,
				3028D8D91D1DD46D00A6AC1B /* AVTResultsVM.h */,
				3028D8DA1D1DD46D00A6AC1B /* AVTResultsVM.m */,
			);
			name = Home;
			sourceTree = "<group>";
		};
		3028D8E31D1DDCB000A6AC1B /* SelectView */ = {
			isa = PBXGroup;
			children = (
				3028D8E01D1DD98000A6AC1B /* AVTSelectView.h */,
				3028D8E11D1DD98000A6AC1B /* AVTSelectView.m */,
				3028D8DC1D1DD61C00A6AC1B /* AVTSelectVM.h */,
				3028D8DD1D1DD61C00A6AC1B /* AVTSelectVM.m */,
			);
			name = SelectView;
			sourceTree = "<group>";
		};
		3028D8F91D1FB28D00A6AC1B /* SearchView */ = {
			isa = PBXGroup;
			children = (
				3028D8ED1D1DE41E00A6AC1B /* AVTTextField.h */,
				3028D8EE1D1DE41E00A6AC1B /* AVTTextField.m */,
				3028D8CA1D1DD0C200A6AC1B /* AVTSearchVM.h */,
				3028D8CB1D1DD0C200A6AC1B /* AVTSearchVM.m */,
			);
			name = SearchView;
			sourceTree = "<group>";
		};
		8BE8BB1C53CA34A70E0ABCDC /* Frameworks */ = {
			isa = PBXGroup;
			children = (
				8B0D7FB2D4B04C1A01BEE089 /* libPods-Avito.a */,
				49A2B22E8BF0F044E728F027 /* libPods-AvitoTests.a */,
			);
			name = Frameworks;
			sourceTree = "<group>";
		};
/* End PBXGroup section */

/* Begin PBXNativeTarget section */
		3028D87A1D1DC30E00A6AC1B /* Avito */ = {
			isa = PBXNativeTarget;
			buildConfigurationList = 3028D89D1D1DC30E00A6AC1B /* Build configuration list for PBXNativeTarget "Avito" */;
			buildPhases = (
				CE397E8BBED9C3CA91F31E3E /* 📦 Check Pods Manifest.lock */,
				3028D8771D1DC30E00A6AC1B /* Sources */,
				3028D8781D1DC30E00A6AC1B /* Frameworks */,
				3028D8791D1DC30E00A6AC1B /* Resources */,
				AC1E09521B9FFF357CF06FB1 /* 📦 Embed Pods Frameworks */,
				0FD1B26A8FF12544E1F1D7F0 /* 📦 Copy Pods Resources */,
			);
			buildRules = (
			);
			dependencies = (
			);
			name = Avito;
			productName = Avito;
			productReference = 3028D87B1D1DC30E00A6AC1B /* Avito.app */;
			productType = "com.apple.product-type.application";
		};
		3028D8931D1DC30E00A6AC1B /* AvitoTests */ = {
			isa = PBXNativeTarget;
			buildConfigurationList = 3028D8A01D1DC30E00A6AC1B /* Build configuration list for PBXNativeTarget "AvitoTests" */;
			buildPhases = (
				1D937AB7E74354F27CA803BD /* 📦 Check Pods Manifest.lock */,
				3028D8901D1DC30E00A6AC1B /* Sources */,
				3028D8911D1DC30E00A6AC1B /* Frameworks */,
				3028D8921D1DC30E00A6AC1B /* Resources */,
				D32F0F3744007744FC23F5C0 /* 📦 Embed Pods Frameworks */,
				9A0B11C83987B5ABFBF6B989 /* 📦 Copy Pods Resources */,
			);
			buildRules = (
			);
			dependencies = (
				3028D8961D1DC30E00A6AC1B /* PBXTargetDependency */,
			);
			name = AvitoTests;
			productName = AvitoTests;
			productReference = 3028D8941D1DC30E00A6AC1B /* AvitoTests.xctest */;
			productType = "com.apple.product-type.bundle.unit-test";
		};
/* End PBXNativeTarget section */

/* Begin PBXProject section */
		3028D8731D1DC30E00A6AC1B /* Project object */ = {
			isa = PBXProject;
			attributes = {
				LastUpgradeCheck = 0730;
				ORGANIZATIONNAME = Avito;
				TargetAttributes = {
					3028D87A1D1DC30E00A6AC1B = {
						CreatedOnToolsVersion = 7.3.1;
					};
					3028D8931D1DC30E00A6AC1B = {
						CreatedOnToolsVersion = 7.3.1;
						TestTargetID = 3028D87A1D1DC30E00A6AC1B;
					};
				};
			};
			buildConfigurationList = 3028D8761D1DC30E00A6AC1B /* Build configuration list for PBXProject "Avito" */;
			compatibilityVersion = "Xcode 3.2";
			developmentRegion = English;
			hasScannedForEncodings = 0;
			knownRegions = (
				en,
				Base,
			);
			mainGroup = 3028D8721D1DC30E00A6AC1B;
			productRefGroup = 3028D87C1D1DC30E00A6AC1B /* Products */;
			projectDirPath = "";
			projectRoot = "";
			targets = (
				3028D87A1D1DC30E00A6AC1B /* Avito */,
				3028D8931D1DC30E00A6AC1B /* AvitoTests */,
			);
		};
/* End PBXProject section */

/* Begin PBXResourcesBuildPhase section */
		3028D8791D1DC30E00A6AC1B /* Resources */ = {
			isa = PBXResourcesBuildPhase;
			buildActionMask = 2147483647;
			files = (
				3028D88E1D1DC30E00A6AC1B /* LaunchScreen.storyboard in Resources */,
				3028D88B1D1DC30E00A6AC1B /* Assets.xcassets in Resources */,
			);
			runOnlyForDeploymentPostprocessing = 0;
		};
		3028D8921D1DC30E00A6AC1B /* Resources */ = {
			isa = PBXResourcesBuildPhase;
			buildActionMask = 2147483647;
			files = (
			);
			runOnlyForDeploymentPostprocessing = 0;
		};
/* End PBXResourcesBuildPhase section */

/* Begin PBXShellScriptBuildPhase section */
		0FD1B26A8FF12544E1F1D7F0 /* 📦 Copy Pods Resources */ = {
			isa = PBXShellScriptBuildPhase;
			buildActionMask = 2147483647;
			files = (
			);
			inputPaths = (
			);
			name = "📦 Copy Pods Resources";
			outputPaths = (
			);
			runOnlyForDeploymentPostprocessing = 0;
			shellPath = /bin/sh;
			shellScript = "\"${SRCROOT}/Pods/Target Support Files/Pods-Avito/Pods-Avito-resources.sh\"\n";
			showEnvVarsInLog = 0;
		};
		1D937AB7E74354F27CA803BD /* 📦 Check Pods Manifest.lock */ = {
			isa = PBXShellScriptBuildPhase;
			buildActionMask = 2147483647;
			files = (
			);
			inputPaths = (
			);
			name = "📦 Check Pods Manifest.lock";
			outputPaths = (
			);
			runOnlyForDeploymentPostprocessing = 0;
			shellPath = /bin/sh;
			shellScript = "diff \"${PODS_ROOT}/../Podfile.lock\" \"${PODS_ROOT}/Manifest.lock\" > /dev/null\nif [[ $? != 0 ]] ; then\n    cat << EOM\nerror: The sandbox is not in sync with the Podfile.lock. Run 'pod install' or update your CocoaPods installation.\nEOM\n    exit 1\nfi\n";
			showEnvVarsInLog = 0;
		};
		9A0B11C83987B5ABFBF6B989 /* 📦 Copy Pods Resources */ = {
			isa = PBXShellScriptBuildPhase;
			buildActionMask = 2147483647;
			files = (
			);
			inputPaths = (
			);
			name = "📦 Copy Pods Resources";
			outputPaths = (
			);
			runOnlyForDeploymentPostprocessing = 0;
			shellPath = /bin/sh;
			shellScript = "\"${SRCROOT}/Pods/Target Support Files/Pods-AvitoTests/Pods-AvitoTests-resources.sh\"\n";
			showEnvVarsInLog = 0;
		};
		AC1E09521B9FFF357CF06FB1 /* 📦 Embed Pods Frameworks */ = {
			isa = PBXShellScriptBuildPhase;
			buildActionMask = 2147483647;
			files = (
			);
			inputPaths = (
			);
			name = "📦 Embed Pods Frameworks";
			outputPaths = (
			);
			runOnlyForDeploymentPostprocessing = 0;
			shellPath = /bin/sh;
			shellScript = "\"${SRCROOT}/Pods/Target Support Files/Pods-Avito/Pods-Avito-frameworks.sh\"\n";
			showEnvVarsInLog = 0;
		};
		CE397E8BBED9C3CA91F31E3E /* 📦 Check Pods Manifest.lock */ = {
			isa = PBXShellScriptBuildPhase;
			buildActionMask = 2147483647;
			files = (
			);
			inputPaths = (
			);
			name = "📦 Check Pods Manifest.lock";
			outputPaths = (
			);
			runOnlyForDeploymentPostprocessing = 0;
			shellPath = /bin/sh;
			shellScript = "diff \"${PODS_ROOT}/../Podfile.lock\" \"${PODS_ROOT}/Manifest.lock\" > /dev/null\nif [[ $? != 0 ]] ; then\n    cat << EOM\nerror: The sandbox is not in sync with the Podfile.lock. Run 'pod install' or update your CocoaPods installation.\nEOM\n    exit 1\nfi\n";
			showEnvVarsInLog = 0;
		};
		D32F0F3744007744FC23F5C0 /* 📦 Embed Pods Frameworks */ = {
			isa = PBXShellScriptBuildPhase;
			buildActionMask = 2147483647;
			files = (
			);
			inputPaths = (
			);
			name = "📦 Embed Pods Frameworks";
			outputPaths = (
			);
			runOnlyForDeploymentPostprocessing = 0;
			shellPath = /bin/sh;
			shellScript = "\"${SRCROOT}/Pods/Target Support Files/Pods-AvitoTests/Pods-AvitoTests-frameworks.sh\"\n";
			showEnvVarsInLog = 0;
		};
/* End PBXShellScriptBuildPhase section */

/* Begin PBXSourcesBuildPhase section */
		3028D8771D1DC30E00A6AC1B /* Sources */ = {
			isa = PBXSourcesBuildPhase;
			buildActionMask = 2147483647;
			files = (
				3028D8DE1D1DD61C00A6AC1B /* AVTSelectVM.m in Sources */,
				3028D8E21D1DD98000A6AC1B /* AVTSelectView.m in Sources */,
				3028D8EF1D1DE41E00A6AC1B /* AVTTextField.m in Sources */,
				3028D8B01D1DC76200A6AC1B /* AVTRootVM.m in Sources */,
				3028D8C61D1DCFE400A6AC1B /* AVTTableViewHeaderFooterView.m in Sources */,
				3028D8C11D1DCCD000A6AC1B /* AVTGitHubItem.m in Sources */,
				3028D8AD1D1DC73B00A6AC1B /* AVTBaseVM.m in Sources */,
				3028D8B41D1DC8BB00A6AC1B /* AVTAPIController.m in Sources */,
				3028D8E91D1DDE4300A6AC1B /* AVTHomeVC.m in Sources */,
				3028D8D51D1DD1F700A6AC1B /* AVTResultCellVM.m in Sources */,
				3028D8CC1D1DD0C200A6AC1B /* AVTSearchVM.m in Sources */,
				3028D8861D1DC30E00A6AC1B /* AVTRootVC.m in Sources */,
				3028D8BE1D1DCC7100A6AC1B /* AVTAppleItem.m in Sources */,
				3028D8DB1D1DD46D00A6AC1B /* AVTResultsVM.m in Sources */,
				3028D8D21D1DD1D200A6AC1B /* AVTResultCell.m in Sources */,
				3028D8AA1D1DC5D600A6AC1B /* AVTBaseVC.m in Sources */,
				3028D8EC1D1DDE5500A6AC1B /* AVTHomeVM.m in Sources */,
				3028D8831D1DC30E00A6AC1B /* AppDelegate.m in Sources */,
				3028D8C91D1DD08F00A6AC1B /* AVTSearchHeaderView.m in Sources */,
				3028D8F21D1DE46600A6AC1B /* UIColor+DGSCustomColor.m in Sources */,
				3028D8801D1DC30E00A6AC1B /* main.m in Sources */,
				3028D8B81D1DCA0F00A6AC1B /* AVTAPIController+Entities.m in Sources */,
				3028D8CF1D1DD12100A6AC1B /* AVTTableViewCell.m in Sources */,
				3028D8E61D1DDDCE00A6AC1B /* UIViewController+DGSAdditions.m in Sources */,
			);
			runOnlyForDeploymentPostprocessing = 0;
		};
		3028D8901D1DC30E00A6AC1B /* Sources */ = {
			isa = PBXSourcesBuildPhase;
			buildActionMask = 2147483647;
			files = (
				3028D8991D1DC30E00A6AC1B /* AvitoTests.m in Sources */,
			);
			runOnlyForDeploymentPostprocessing = 0;
		};
/* End PBXSourcesBuildPhase section */

/* Begin PBXTargetDependency section */
		3028D8961D1DC30E00A6AC1B /* PBXTargetDependency */ = {
			isa = PBXTargetDependency;
			target = 3028D87A1D1DC30E00A6AC1B /* Avito */;
			targetProxy = 3028D8951D1DC30E00A6AC1B /* PBXContainerItemProxy */;
		};
/* End PBXTargetDependency section */

/* Begin PBXVariantGroup section */
		3028D88C1D1DC30E00A6AC1B /* LaunchScreen.storyboard */ = {
			isa = PBXVariantGroup;
			children = (
				3028D88D1D1DC30E00A6AC1B /* Base */,
			);
			name = LaunchScreen.storyboard;
			sourceTree = "<group>";
		};
/* End PBXVariantGroup section */

/* Begin XCBuildConfiguration section */
		3028D89B1D1DC30E00A6AC1B /* Debug */ = {
			isa = XCBuildConfiguration;
			buildSettings = {
				ALWAYS_SEARCH_USER_PATHS = NO;
				CLANG_ANALYZER_NONNULL = YES;
				CLANG_CXX_LANGUAGE_STANDARD = "gnu++0x";
				CLANG_CXX_LIBRARY = "libc++";
				CLANG_ENABLE_MODULES = YES;
				CLANG_ENABLE_OBJC_ARC = YES;
				CLANG_WARN_BOOL_CONVERSION = YES;
				CLANG_WARN_CONSTANT_CONVERSION = YES;
				CLANG_WARN_DIRECT_OBJC_ISA_USAGE = YES_ERROR;
				CLANG_WARN_EMPTY_BODY = YES;
				CLANG_WARN_ENUM_CONVERSION = YES;
				CLANG_WARN_INT_CONVERSION = YES;
				CLANG_WARN_OBJC_ROOT_CLASS = YES_ERROR;
				CLANG_WARN_UNREACHABLE_CODE = YES;
				CLANG_WARN__DUPLICATE_METHOD_MATCH = YES;
				"CODE_SIGN_IDENTITY[sdk=iphoneos*]" = "iPhone Developer";
				COPY_PHASE_STRIP = NO;
				DEBUG_INFORMATION_FORMAT = dwarf;
				ENABLE_STRICT_OBJC_MSGSEND = YES;
				ENABLE_TESTABILITY = YES;
				GCC_C_LANGUAGE_STANDARD = gnu99;
				GCC_DYNAMIC_NO_PIC = NO;
				GCC_NO_COMMON_BLOCKS = YES;
				GCC_OPTIMIZATION_LEVEL = 0;
				GCC_PREPROCESSOR_DEFINITIONS = (
					"DEBUG=1",
					"$(inherited)",
				);
				GCC_WARN_64_TO_32_BIT_CONVERSION = YES;
				GCC_WARN_ABOUT_RETURN_TYPE = YES_ERROR;
				GCC_WARN_UNDECLARED_SELECTOR = YES;
				GCC_WARN_UNINITIALIZED_AUTOS = YES_AGGRESSIVE;
				GCC_WARN_UNUSED_FUNCTION = YES;
				GCC_WARN_UNUSED_VARIABLE = YES;
				IPHONEOS_DEPLOYMENT_TARGET = 9.3;
				MTL_ENABLE_DEBUG_INFO = YES;
				ONLY_ACTIVE_ARCH = YES;
				SDKROOT = iphoneos;
				TARGETED_DEVICE_FAMILY = "1,2";
			};
			name = Debug;
		};
		3028D89C1D1DC30E00A6AC1B /* Release */ = {
			isa = XCBuildConfiguration;
			buildSettings = {
				ALWAYS_SEARCH_USER_PATHS = NO;
				CLANG_ANALYZER_NONNULL = YES;
				CLANG_CXX_LANGUAGE_STANDARD = "gnu++0x";
				CLANG_CXX_LIBRARY = "libc++";
				CLANG_ENABLE_MODULES = YES;
				CLANG_ENABLE_OBJC_ARC = YES;
				CLANG_WARN_BOOL_CONVERSION = YES;
				CLANG_WARN_CONSTANT_CONVERSION = YES;
				CLANG_WARN_DIRECT_OBJC_ISA_USAGE = YES_ERROR;
				CLANG_WARN_EMPTY_BODY = YES;
				CLANG_WARN_ENUM_CONVERSION = YES;
				CLANG_WARN_INT_CONVERSION = YES;
				CLANG_WARN_OBJC_ROOT_CLASS = YES_ERROR;
				CLANG_WARN_UNREACHABLE_CODE = YES;
				CLANG_WARN__DUPLICATE_METHOD_MATCH = YES;
				"CODE_SIGN_IDENTITY[sdk=iphoneos*]" = "iPhone Developer";
				COPY_PHASE_STRIP = NO;
				DEBUG_INFORMATION_FORMAT = "dwarf-with-dsym";
				ENABLE_NS_ASSERTIONS = NO;
				ENABLE_STRICT_OBJC_MSGSEND = YES;
				GCC_C_LANGUAGE_STANDARD = gnu99;
				GCC_NO_COMMON_BLOCKS = YES;
				GCC_WARN_64_TO_32_BIT_CONVERSION = YES;
				GCC_WARN_ABOUT_RETURN_TYPE = YES_ERROR;
				GCC_WARN_UNDECLARED_SELECTOR = YES;
				GCC_WARN_UNINITIALIZED_AUTOS = YES_AGGRESSIVE;
				GCC_WARN_UNUSED_FUNCTION = YES;
				GCC_WARN_UNUSED_VARIABLE = YES;
				IPHONEOS_DEPLOYMENT_TARGET = 9.3;
				MTL_ENABLE_DEBUG_INFO = NO;
				SDKROOT = iphoneos;
				TARGETED_DEVICE_FAMILY = "1,2";
				VALIDATE_PRODUCT = YES;
			};
			name = Release;
		};
		3028D89E1D1DC30E00A6AC1B /* Debug */ = {
			isa = XCBuildConfiguration;
			baseConfigurationReference = 06E8F85CADB436732A12BD09 /* Pods-Avito.debug.xcconfig */;
			buildSettings = {
				ASSETCATALOG_COMPILER_APPICON_NAME = AppIcon;
				GCC_PRECOMPILE_PREFIX_HEADER = YES;
				GCC_PREFIX_HEADER = "Avito/Prefix-Header.h";
				INFOPLIST_FILE = Avito/Info.plist;
				LD_RUNPATH_SEARCH_PATHS = "$(inherited) @executable_path/Frameworks";
				PRODUCT_BUNDLE_IDENTIFIER = AVT.Avito;
				PRODUCT_NAME = "$(TARGET_NAME)";
			};
			name = Debug;
		};
		3028D89F1D1DC30E00A6AC1B /* Release */ = {
			isa = XCBuildConfiguration;
			baseConfigurationReference = FE6A8BE8A0AF2187D7D98AFE /* Pods-Avito.release.xcconfig */;
			buildSettings = {
				ASSETCATALOG_COMPILER_APPICON_NAME = AppIcon;
				GCC_PRECOMPILE_PREFIX_HEADER = YES;
				GCC_PREFIX_HEADER = "Avito/Prefix-Header.h";
				INFOPLIST_FILE = Avito/Info.plist;
				LD_RUNPATH_SEARCH_PATHS = "$(inherited) @executable_path/Frameworks";
				PRODUCT_BUNDLE_IDENTIFIER = AVT.Avito;
				PRODUCT_NAME = "$(TARGET_NAME)";
			};
			name = Release;
		};
		3028D8A11D1DC30E00A6AC1B /* Debug */ = {
			isa = XCBuildConfiguration;
			baseConfigurationReference = 143630860D697C4F3CCB38F6 /* Pods-AvitoTests.debug.xcconfig */;
			buildSettings = {
				BUNDLE_LOADER = "$(TEST_HOST)";
				INFOPLIST_FILE = AvitoTests/Info.plist;
				LD_RUNPATH_SEARCH_PATHS = "$(inherited) @executable_path/Frameworks @loader_path/Frameworks";
				PRODUCT_BUNDLE_IDENTIFIER = AVT.AvitoTests;
				PRODUCT_NAME = "$(TARGET_NAME)";
				TEST_HOST = "$(BUILT_PRODUCTS_DIR)/Avito.app/Avito";
			};
			name = Debug;
		};
		3028D8A21D1DC30E00A6AC1B /* Release */ = {
			isa = XCBuildConfiguration;
			baseConfigurationReference = 9C7B2E45B83B1D2A235009C4 /* Pods-AvitoTests.release.xcconfig */;
			buildSettings = {
				BUNDLE_LOADER = "$(TEST_HOST)";
				INFOPLIST_FILE = AvitoTests/Info.plist;
				LD_RUNPATH_SEARCH_PATHS = "$(inherited) @executable_path/Frameworks @loader_path/Frameworks";
				PRODUCT_BUNDLE_IDENTIFIER = AVT.AvitoTests;
				PRODUCT_NAME = "$(TARGET_NAME)";
				TEST_HOST = "$(BUILT_PRODUCTS_DIR)/Avito.app/Avito";
			};
			name = Release;
		};
/* End XCBuildConfiguration section */

/* Begin XCConfigurationList section */
		3028D8761D1DC30E00A6AC1B /* Build configuration list for PBXProject "Avito" */ = {
			isa = XCConfigurationList;
			buildConfigurations = (
				3028D89B1D1DC30E00A6AC1B /* Debug */,
				3028D89C1D1DC30E00A6AC1B /* Release */,
			);
			defaultConfigurationIsVisible = 0;
			defaultConfigurationName = Release;
		};
		3028D89D1D1DC30E00A6AC1B /* Build configuration list for PBXNativeTarget "Avito" */ = {
			isa = XCConfigurationList;
			buildConfigurations = (
				3028D89E1D1DC30E00A6AC1B /* Debug */,
				3028D89F1D1DC30E00A6AC1B /* Release */,
			);
			defaultConfigurationIsVisible = 0;
			defaultConfigurationName = Release;
		};
		3028D8A01D1DC30E00A6AC1B /* Build configuration list for PBXNativeTarget "AvitoTests" */ = {
			isa = XCConfigurationList;
			buildConfigurations = (
				3028D8A11D1DC30E00A6AC1B /* Debug */,
				3028D8A21D1DC30E00A6AC1B /* Release */,
			);
			defaultConfigurationIsVisible = 0;
			defaultConfigurationName = Release;
		};
/* End XCConfigurationList section */
	};
	rootObject = 3028D8731D1DC30E00A6AC1B /* Project object */;
}
